Microsoft Visual Studio Solution File, Format Version 12.00
# Visual Studio Version 17
VisualStudioVersion = 17.5.2.0
MinimumVisualStudioVersion = 10.0.40219.1
Project("{FAE04EC0-301F-11D3-BF4B-00C04F79EFBC}") = "Catalog.API", "Catalog.API.csproj", "{C67D7FE7-7403-037B-5A6C-B9E536114C5C}"
EndProject
Global
	GlobalSection(SolutionConfigurationPlatforms) = preSolution
		Debug|Any CPU = Debug|Any CPU
		Release|Any CPU = Release|Any CPU
	EndGlobalSection
	GlobalSection(ProjectConfigurationPlatforms) = postSolution
		{C67D7FE7-7403-037B-5A6C-B9E536114C5C}.Debug|Any CPU.ActiveCfg = Debug|Any CPU
		{C67D7FE7-7403-037B-5A6C-B9E536114C5C}.Debug|Any CPU.Build.0 = Debug|Any CPU
		{C67D7FE7-7403-037B-5A6C-B9E536114C5C}.Release|Any CPU.ActiveCfg = Release|Any CPU
		{C67D7FE7-7403-037B-5A6C-B9E536114C5C}.Release|Any CPU.Build.0 = Release|Any CPU
	EndGlobalSection
	GlobalSection(SolutionProperties) = preSolution
		HideSolutionNode = FALSE
	EndGlobalSection
	GlobalSection(ExtensibilityGlobals) = postSolution
		SolutionGuid = {DAA90991-26AA-4FA5-878F-ABF60DF2F625}
	EndGlobalSection
EndGlobal
